
Microsoft Visual Studio Solution File, Format Version 12.00
# Visual Studio Version 16
VisualStudioVersion = 16.0.32228.343
MinimumVisualStudioVersion = 10.0.40219.1
Project("{2150E333-8FDC-42A3-9474-1A3956D46DE8}") = "1-Web", "1-Web", "{C30113C1-A1F5-4C74-B5E0-DA5CEF9A3BD4}"
EndProject
Project("{2150E333-8FDC-42A3-9474-1A3956D46DE8}") = "2-Application", "2-Application", "{54B842ED-9AB8-4DAA-BEFE-E1F9D4F1589E}"
EndProject
Project("{2150E333-8FDC-42A3-9474-1A3956D46DE8}") = "3-Domain", "3-Domain", "{5B44049C-FD9E-44BE-8756-C040A4DE802C}"
EndProject
Project("{2150E333-8FDC-42A3-9474-1A3956D46DE8}") = "4-Infra", "4-Infra", "{ACFDC0EE-7780-451C-9EA8-B0E2698B2322}"
EndProject
Project("{9A19103F-16F7-4668-BE54-9A1E7A4F7556}") = "Kasznar.Application", "Kasznar.Application\Kasznar.Application.csproj", "{7D460952-CFAA-432F-9207-6077326F76D7}"
EndProject
Project("{9A19103F-16F7-4668-BE54-9A1E7A4F7556}") = "Kasznar.Domain", "Kasznar.Domain\Kasznar.Domain.csproj", "{13DA1FDB-CF58-4B66-848C-B659CE59E30B}"
EndProject
Project("{2150E333-8FDC-42A3-9474-1A3956D46DE8}") = "4.1-Data", "4.1-Data", "{82801020-7B0C-4FBA-BDDA-3AD54B791117}"
EndProject
Project("{2150E333-8FDC-42A3-9474-1A3956D46DE8}") = "4.2-CrossCutting", "4.2-CrossCutting", "{78D79D14-D22B-4A9E-96C3-B0658A39B23A}"
EndProject
Project("{9A19103F-16F7-4668-BE54-9A1E7A4F7556}") = "Kasznar.Data", "Kasznar.Data\Kasznar.Data.csproj", "{89109C85-2E14-420E-AC04-8FD40F3A2836}"
EndProject
Project("{9A19103F-16F7-4668-BE54-9A1E7A4F7556}") = "Kasznar.Web", "Kasznar.Web\Kasznar.Web.csproj", "{9518722B-065A-4A75-AD97-AAD8C73B748C}"
EndProject
Project("{FAE04EC0-301F-11D3-BF4B-00C04F79EFBC}") = "Kasznar.IoC", "Kasznar.IoC\Kasznar.IoC.csproj", "{804EC8D9-0E33-45B8-B65A-50ADFF4704CF}"
EndProject
Global
	GlobalSection(SolutionConfigurationPlatforms) = preSolution
		Debug|Any CPU = Debug|Any CPU
		Release|Any CPU = Release|Any CPU
	EndGlobalSection
	GlobalSection(ProjectConfigurationPlatforms) = postSolution
		{7D460952-CFAA-432F-9207-6077326F76D7}.Debug|Any CPU.ActiveCfg = Debug|Any CPU
		{7D460952-CFAA-432F-9207-6077326F76D7}.Debug|Any CPU.Build.0 = Debug|Any CPU
		{7D460952-CFAA-432F-9207-6077326F76D7}.Release|Any CPU.ActiveCfg = Release|Any CPU
		{7D460952-CFAA-432F-9207-6077326F76D7}.Release|Any CPU.Build.0 = Release|Any CPU
		{13DA1FDB-CF58-4B66-848C-B659CE59E30B}.Debug|Any CPU.ActiveCfg = Debug|Any CPU
		{13DA1FDB-CF58-4B66-848C-B659CE59E30B}.Debug|Any CPU.Build.0 = Debug|Any CPU
		{13DA1FDB-CF58-4B66-848C-B659CE59E30B}.Release|Any CPU.ActiveCfg = Release|Any CPU
		{13DA1FDB-CF58-4B66-848C-B659CE59E30B}.Release|Any CPU.Build.0 = Release|Any CPU
		{89109C85-2E14-420E-AC04-8FD40F3A2836}.Debug|Any CPU.ActiveCfg = Debug|Any CPU
		{89109C85-2E14-420E-AC04-8FD40F3A2836}.Debug|Any CPU.Build.0 = Debug|Any CPU
		{89109C85-2E14-420E-AC04-8FD40F3A2836}.Release|Any CPU.ActiveCfg = Release|Any CPU
		{89109C85-2E14-420E-AC04-8FD40F3A2836}.Release|Any CPU.Build.0 = Release|Any CPU
		{9518722B-065A-4A75-AD97-AAD8C73B748C}.Debug|Any CPU.ActiveCfg = Debug|Any CPU
		{9518722B-065A-4A75-AD97-AAD8C73B748C}.Debug|Any CPU.Build.0 = Debug|Any CPU
		{9518722B-065A-4A75-AD97-AAD8C73B748C}.Release|Any CPU.ActiveCfg = Release|Any CPU
		{9518722B-065A-4A75-AD97-AAD8C73B748C}.Release|Any CPU.Build.0 = Release|Any CPU
		{804EC8D9-0E33-45B8-B65A-50ADFF4704CF}.Debug|Any CPU.ActiveCfg = Debug|Any CPU
		{804EC8D9-0E33-45B8-B65A-50ADFF4704CF}.Debug|Any CPU.Build.0 = Debug|Any CPU
		{804EC8D9-0E33-45B8-B65A-50ADFF4704CF}.Release|Any CPU.ActiveCfg = Release|Any CPU
		{804EC8D9-0E33-45B8-B65A-50ADFF4704CF}.Release|Any CPU.Build.0 = Release|Any CPU
	EndGlobalSection
	GlobalSection(SolutionProperties) = preSolution
		HideSolutionNode = FALSE
	EndGlobalSection
	GlobalSection(NestedProjects) = preSolution
		{7D460952-CFAA-432F-9207-6077326F76D7} = {54B842ED-9AB8-4DAA-BEFE-E1F9D4F1589E}
		{13DA1FDB-CF58-4B66-848C-B659CE59E30B} = {5B44049C-FD9E-44BE-8756-C040A4DE802C}
		{82801020-7B0C-4FBA-BDDA-3AD54B791117} = {ACFDC0EE-7780-451C-9EA8-B0E2698B2322}
		{78D79D14-D22B-4A9E-96C3-B0658A39B23A} = {ACFDC0EE-7780-451C-9EA8-B0E2698B2322}
		{89109C85-2E14-420E-AC04-8FD40F3A2836} = {82801020-7B0C-4FBA-BDDA-3AD54B791117}
		{9518722B-065A-4A75-AD97-AAD8C73B748C} = {C30113C1-A1F5-4C74-B5E0-DA5CEF9A3BD4}
		{804EC8D9-0E33-45B8-B65A-50ADFF4704CF} = {78D79D14-D22B-4A9E-96C3-B0658A39B23A}
	EndGlobalSection
	GlobalSection(ExtensibilityGlobals) = postSolution
		SolutionGuid = {120813B6-03B1-4D54-97FB-BD18A65271B8}
	EndGlobalSection
EndGlobal
